
Microsoft Visual Studio Solution File, Format Version 12.00
# Visual Studio Version 16
VisualStudioVersion = 16.0.29911.84
MinimumVisualStudioVersion = 10.0.40219.1
Project("{FAE04EC0-301F-11D3-BF4B-00C04F79EFBC}") = "IT_Projektas_Backend", "IT_Projektas_Backend\IT_Projektas_Backend.csproj", "{0D28FC7A-C956-4E90-92DF-92BA55844D8C}"
EndProject
Global
	GlobalSection(SolutionConfigurationPlatforms) = preSolution
		Debug|Any CPU = Debug|Any CPU
		Release|Any CPU = Release|Any CPU
	EndGlobalSection
	GlobalSection(ProjectConfigurationPlatforms) = postSolution
		{0D28FC7A-C956-4E90-92DF-92BA55844D8C}.Debug|Any CPU.ActiveCfg = Debug|Any CPU
		{0D28FC7A-C956-4E90-92DF-92BA55844D8C}.Debug|Any CPU.Build.0 = Debug|Any CPU
		{0D28FC7A-C956-4E90-92DF-92BA55844D8C}.Release|Any CPU.ActiveCfg = Release|Any CPU
		{0D28FC7A-C956-4E90-92DF-92BA55844D8C}.Release|Any CPU.Build.0 = Release|Any CPU
	EndGlobalSection
	GlobalSection(SolutionProperties) = preSolution
		HideSolutionNode = FALSE
	EndGlobalSection
	GlobalSection(ExtensibilityGlobals) = postSolution
		SolutionGuid = {D61B86FD-F016-4364-8975-67315A0F404A}
	EndGlobalSection
EndGlobal
